// !$*UTF8*$!
{
	archiveVersion = 1;
	classes = {
	};
	objectVersion = 77;
	objects = {

/* Begin PBXBuildFile section */
		7857FFF82FE6D46B002903AE /* Puzzle Garden.storekit in Resources */ = {isa = PBXBuildFile; fileRef = 7857FFF72FE6D46B002903AE /* Puzzle Garden.storekit */; };
/* End PBXBuildFile section */

/* Begin PBXContainerItemProxy section */
		7876B3462FDC2A18002208CB /* PBXContainerItemProxy */ = {
			isa = PBXContainerItemProxy;
			containerPortal = 7876B3292FDC2A17002208CB /* Project object */;
			proxyType = 1;
			remoteGlobalIDString = 7876B3302FDC2A17002208CB;
			remoteInfo = "Puzzle Garden";
		};
		7876B3502FDC2A18002208CB /* PBXContainerItemProxy */ = {
			isa = PBXContainerItemProxy;
			containerPortal = 7876B3292FDC2A17002208CB /* Project object */;
			proxyType = 1;
			remoteGlobalIDString = 7876B3302FDC2A17002208CB;
			remoteInfo = "Puzzle Garden";
		};
/* End PBXContainerItemProxy section */

/* Begin PBXFileReference section */
		7857FFF72FE6D46B002903AE /* Puzzle Garden.storekit */ = {isa = PBXFileReference; lastKnownFileType = text; name = "Puzzle Garden.storekit"; path = "Puzzle Garden/Puzzle Garden.storekit"; sourceTree = "<group>"; };
		7857FFFB2FE6D4BF002903AE /* Puzzle Garden.storekit */ = {isa = PBXFileReference; lastKnownFileType = text; name = "Puzzle Garden.storekit"; path = "Puzzle Garden/Puzzle Garden.storekit"; sourceTree = "<group>"; };
		7876B3312FDC2A17002208CB /* Puzzle Garden.app */ = {isa = PBXFileReference; explicitFileType = wrapper.application; includeInIndex = 0; path = "Puzzle Garden.app"; sourceTree = BUILT_PRODUCTS_DIR; };
		7876B3452FDC2A18002208CB /* Puzzle GardenTests.xctest */ = {isa = PBXFileReference; explicitFileType = wrapper.cfbundle; includeInIndex = 0; path = "Puzzle GardenTests.xctest"; sourceTree = BUILT_PRODUCTS_DIR; };
		7876B34F2FDC2A18002208CB /* Puzzle GardenUITests.xctest */ = {isa = PBXFileReference; explicitFileType = wrapper.cfbundle; includeInIndex = 0; path = "Puzzle GardenUITests.xctest"; sourceTree = BUILT_PRODUCTS_DIR; };
/* End PBXFileReference section */

/* Begin PBXFileSystemSynchronizedBuildFileExceptionSet section */
		7876B3572FDC2A18002208CB /* Exceptions for "Puzzle Garden" folder in "Puzzle Garden" target */ = {
			isa = PBXFileSystemSynchronizedBuildFileExceptionSet;
			membershipExceptions = (
				Info.plist,
			);
			target = 7876B3302FDC2A17002208CB /* Puzzle Garden */;
		};
/* End PBXFileSystemSynchronizedBuildFileExceptionSet section */

/* Begin PBXFileSystemSynchronizedRootGroup section */
		7876B3332FDC2A17002208CB /* Puzzle Garden */ = {
			isa = PBXFileSystemSynchronizedRootGroup;
			exceptions = (
				7876B3572FDC2A18002208CB /* Exceptions for "Puzzle Garden" folder in "Puzzle Garden" target */,
			);
			path = "Puzzle Garden";
			sourceTree = "<group>";
		};
		7876B3482FDC2A18002208CB /* Puzzle GardenTests */ = {
			isa = PBXFileSystemSynchronizedRootGroup;
			path = "Puzzle GardenTests";
			sourceTree = "<group>";
		};
		7876B3522FDC2A18002208CB /* Puzzle GardenUITests */ = {
			isa = PBXFileSystemSynchronizedRootGroup;
			path = "Puzzle GardenUITests";
			sourceTree = "<group>";
		};
/* End PBXFileSystemSynchronizedRootGroup section */

/* Begin PBXFrameworksBuildPhase section */
		7876B32E2FDC2A17002208CB /* Frameworks */ = {
			isa = PBXFrameworksBuildPhase;
			buildActionMask = 2147483647;
			files = (
			);
			runOnlyForDeploymentPostprocessing = 0;
		};
		7876B3422FDC2A18002208CB /* Frameworks */ = {
			isa = PBXFrameworksBuildPhase;
			buildActionMask = 2147483647;
			files = (
			);
			runOnlyForDeploymentPostprocessing = 0;
		};
		7876B34C2FDC2A18002208CB /* Frameworks */ = {
			isa = PBXFrameworksBuildPhase;
			buildActionMask = 2147483647;
			files = (
			);
			runOnlyForDeploymentPostprocessing = 0;
		};
/* End PBXFrameworksBuildPhase section */

/* Begin PBXGroup section */
		7876B3282FDC2A17002208CB = {
			isa = PBXGroup;
			children = (
				7857FFF72FE6D46B002903AE /* Puzzle Garden.storekit */,
				7857FFFB2FE6D4BF002903AE /* Puzzle Garden.storekit */,
				7876B3332FDC2A17002208CB /* Puzzle Garden */,
				7876B3482FDC2A18002208CB /* Puzzle GardenTests */,
				7876B3522FDC2A18002208CB /* Puzzle GardenUITests */,
				7876B3322FDC2A17002208CB /* Products */,
			);
			sourceTree = "<group>";
		};
		7876B3322FDC2A17002208CB /* Products */ = {
			isa = PBXGroup;
			children = (
				7876B3312FDC2A17002208CB /* Puzzle Garden.app */,
				7876B3452FDC2A18002208CB /* Puzzle GardenTests.xctest */,
				7876B34F2FDC2A18002208CB /* Puzzle GardenUITests.xctest */,
			);
			name = Products;
			sourceTree = "<group>";
		};
/* End PBXGroup section */

/* Begin PBXNativeTarget section */
		7876B3302FDC2A17002208CB /* Puzzle Garden */ = {
			isa = PBXNativeTarget;
			buildConfigurationList = 7876B3582FDC2A18002208CB /* Build configuration list for PBXNativeTarget "Puzzle Garden" */;
			buildPhases = (
				7876B32D2FDC2A17002208CB /* Sources */,
				7876B32E2FDC2A17002208CB /* Frameworks */,
				7876B32F2FDC2A17002208CB /* Resources */,
			);
			buildRules = (
			);
			dependencies = (
			);
			fileSystemSynchronizedGroups = (
				7876B3332FDC2A17002208CB /* Puzzle Garden */,
			);
			name = "Puzzle Garden";
			packageProductDependencies = (
			);
			productName = "Puzzle Garden";
			productReference = 7876B3312FDC2A17002208CB /* Puzzle Garden.app */;
			productType = "com.apple.product-type.application";
		};
		7876B3442FDC2A18002208CB /* Puzzle GardenTests */ = {
			isa = PBXNativeTarget;
			buildConfigurationList = 7876B35D2FDC2A18002208CB /* Build configuration list for PBXNativeTarget "Puzzle GardenTests" */;
			buildPhases = (
				7876B3412FDC2A18002208CB /* Sources */,
				7876B3422FDC2A18002208CB /* Frameworks */,
				7876B3432FDC2A18002208CB /* Resources */,
			);
			buildRules = (
			);
			dependencies = (
				7876B3472FDC2A18002208CB /* PBXTargetDependency */,
			);
			fileSystemSynchronizedGroups = (
				7876B3482FDC2A18002208CB /* Puzzle GardenTests */,
			);
			name = "Puzzle GardenTests";
			packageProductDependencies = (
			);
			productName = "Puzzle GardenTests";
			productReference = 7876B3452FDC2A18002208CB /* Puzzle GardenTests.xctest */;
			productType = "com.apple.product-type.bundle.unit-test";
		};
		7876B34E2FDC2A18002208CB /* Puzzle GardenUITests */ = {
			isa = PBXNativeTarget;
			buildConfigurationList = 7876B3602FDC2A18002208CB /* Build configuration list for PBXNativeTarget "Puzzle GardenUITests" */;
			buildPhases = (
				7876B34B2FDC2A18002208CB /* Sources */,
				7876B34C2FDC2A18002208CB /* Frameworks */,
				7876B34D2FDC2A18002208CB /* Resources */,
			);
			buildRules = (
			);
			dependencies = (
				7876B3512FDC2A18002208CB /* PBXTargetDependency */,
			);
			fileSystemSynchronizedGroups = (
				7876B3522FDC2A18002208CB /* Puzzle GardenUITests */,
			);
			name = "Puzzle GardenUITests";
			packageProductDependencies = (
			);
			productName = "Puzzle GardenUITests";
			productReference = 7876B34F2FDC2A18002208CB /* Puzzle GardenUITests.xctest */;
			productType = "com.apple.product-type.bundle.ui-testing";
		};
/* End PBXNativeTarget section */

/* Begin PBXProject section */
		7876B3292FDC2A17002208CB /* Project object */ = {
			isa = PBXProject;
			attributes = {
				BuildIndependentTargetsInParallel = 1;
				LastSwiftUpdateCheck = 2650;
				LastUpgradeCheck = 2650;
				TargetAttributes = {
					7876B3302FDC2A17002208CB = {
						CreatedOnToolsVersion = 26.5;
					};
					7876B3442FDC2A18002208CB = {
						CreatedOnToolsVersion = 26.5;
						TestTargetID = 7876B3302FDC2A17002208CB;
					};
					7876B34E2FDC2A18002208CB = {
						CreatedOnToolsVersion = 26.5;
						TestTargetID = 7876B3302FDC2A17002208CB;
					};
				};
			};
			buildConfigurationList = 7876B32C2FDC2A17002208CB /* Build configuration list for PBXProject "Puzzle Garden" */;
			developmentRegion = en;
			hasScannedForEncodings = 0;
			knownRegions = (
				en,
				Base,
			);
			mainGroup = 7876B3282FDC2A17002208CB;
			minimizedProjectReferenceProxies = 1;
			preferredProjectObjectVersion = 77;
			productRefGroup = 7876B3322FDC2A17002208CB /* Products */;
			projectDirPath = "";
			projectRoot = "";
			targets = (
				7876B3302FDC2A17002208CB /* Puzzle Garden */,
				7876B3442FDC2A18002208CB /* Puzzle GardenTests */,
				7876B34E2FDC2A18002208CB /* Puzzle GardenUITests */,
			);
		};
/* End PBXProject section */

/* Begin PBXResourcesBuildPhase section */
		7876B32F2FDC2A17002208CB /* Resources */ = {
			isa = PBXResourcesBuildPhase;
			buildActionMask = 2147483647;
			files = (
				7857FFF82FE6D46B002903AE /* Puzzle Garden.storekit in Resources */,
			);
			runOnlyForDeploymentPostprocessing = 0;
		};
		7876B3432FDC2A18002208CB /* Resources */ = {
			isa = PBXResourcesBuildPhase;
			buildActionMask = 2147483647;
			files = (
			);
			runOnlyForDeploymentPostprocessing = 0;
		};
		7876B34D2FDC2A18002208CB /* Resources */ = {
			isa = PBXResourcesBuildPhase;
			buildActionMask = 2147483647;
			files = (
			);
			runOnlyForDeploymentPostprocessing = 0;
		};
/* End PBXResourcesBuildPhase section */

/* Begin PBXSourcesBuildPhase section */
		7876B32D2FDC2A17002208CB /* Sources */ = {
			isa = PBXSourcesBuildPhase;
			buildActionMask = 2147483647;
			files = (
			);
			runOnlyForDeploymentPostprocessing = 0;
		};
		7876B3412FDC2A18002208CB /* Sources */ = {
			isa = PBXSourcesBuildPhase;
			buildActionMask = 2147483647;
			files = (
			);
			runOnlyForDeploymentPostprocessing = 0;
		};
		7876B34B2FDC2A18002208CB /* Sources */ = {
			isa = PBXSourcesBuildPhase;
			buildActionMask = 2147483647;
			files = (
			);
			runOnlyForDeploymentPostprocessing = 0;
		};
/* End PBXSourcesBuildPhase section */

/* Begin PBXTargetDependency section */
		7876B3472FDC2A18002208CB /* PBXTargetDependency */ = {
			isa = PBXTargetDependency;
			target = 7876B3302FDC2A17002208CB /* Puzzle Garden */;
			targetProxy = 7876B3462FDC2A18002208CB /* PBXContainerItemProxy */;
		};
		7876B3512FDC2A18002208CB /* PBXTargetDependency */ = {
			isa = PBXTargetDependency;
			target = 7876B3302FDC2A17002208CB /* Puzzle Garden */;
			targetProxy = 7876B3502FDC2A18002208CB /* PBXContainerItemProxy */;
		};
/* End PBXTargetDependency section */

/* Begin XCBuildConfiguration section */
		7876B3592FDC2A18002208CB /* Debug */ = {
			isa = XCBuildConfiguration;
			buildSettings = {
				ASSETCATALOG_COMPILER_APPICON_NAME = AppIcon;
				ASSETCATALOG_COMPILER_GLOBAL_ACCENT_COLOR_NAME = AccentColor;
				CODE_SIGN_ENTITLEMENTS = "Puzzle Garden/Puzzle_Garden.entitlements";
				CODE_SIGN_STYLE = Automatic;
				CURRENT_PROJECT_VERSION = 1;
				DEVELOPMENT_TEAM = KJC9RK5RAC;
				ENABLE_PREVIEWS = YES;
				GENERATE_INFOPLIST_FILE = YES;
				INFOPLIST_FILE = "Puzzle Garden/Info.plist";
				INFOPLIST_KEY_UIApplicationSceneManifest_Generation = YES;
				INFOPLIST_KEY_UIApplicationSupportsIndirectInputEvents = YES;
				INFOPLIST_KEY_UILaunchScreen_Generation = YES;
				INFOPLIST_KEY_UISupportedInterfaceOrientations_iPad = "UIInterfaceOrientationPortrait UIInterfaceOrientationPortraitUpsideDown UIInterfaceOrientationLandscapeLeft UIInterfaceOrientationLandscapeRight";
				INFOPLIST_KEY_UISupportedInterfaceOrientations_iPhone = "UIInterfaceOrientationPortrait UIInterfaceOrientationLandscapeLeft UIInterfaceOrientationLandscapeRight";
				LD_RUNPATH_SEARCH_PATHS = (
					"$(inherited)",
					"@executable_path/Frameworks",
				);
				MARKETING_VERSION = 1.0;
				PRODUCT_BUNDLE_IDENTIFIER = "Doku.Puzzle-Garden";
				PRODUCT_NAME = "$(TARGET_NAME)";
				STRING_CATALOG_GENERATE_SYMBOLS = YES;
				SWIFT_APPROACHABLE_CONCURRENCY = YES;
				SWIFT_DEFAULT_ACTOR_ISOLATION = MainActor;
				SWIFT_EMIT_LOC_STRINGS = YES;
				SWIFT_UPCOMING_FEATURE_MEMBER_IMPORT_VISIBILITY = YES;
				SWIFT_VERSION = 5.0;
				TARGETED_DEVICE_FAMILY = "1,2";
			};
			name = Debug;
		};
		7876B35A2FDC2A18002208CB /* Release */ = {
			isa = XCBuildConfiguration;
			buildSettings = {
				ASSETCATALOG_COMPILER_APPICON_NAME = AppIcon;
				ASSETCATALOG_COMPILER_GLOBAL_ACCENT_COLOR_NAME = AccentColor;
				CODE_SIGN_ENTITLEMENTS = "Puzzle Garden/Puzzle_Garden.entitlements";
				CODE_SIGN_STYLE = Automatic;
				CURRENT_PROJECT_VERSION = 1;
				DEVELOPMENT_TEAM = KJC9RK5RAC;
				ENABLE_PREVIEWS = YES;
				GENERATE_INFOPLIST_FILE = YES;
				INFOPLIST_FILE = "Puzzle Garden/Info.plist";
				INFOPLIST_KEY_UIApplicationSceneManifest_Generation = YES;
				INFOPLIST_KEY_UIApplicationSupportsIndirectInputEvents = YES;
				INFOPLIST_KEY_UILaunchScreen_Generation = YES;
				INFOPLIST_KEY_UISupportedInterfaceOrientations_iPad = "UIInterfaceOrientationPortrait UIInterfaceOrientationPortraitUpsideDown UIInterfaceOrientationLandscapeLeft UIInterfaceOrientationLandscapeRight";
				INFOPLIST_KEY_UISupportedInterfaceOrientations_iPhone = "UIInterfaceOrientationPortrait UIInterfaceOrientationLandscapeLeft UIInterfaceOrientationLandscapeRight";
				LD_RUNPATH_SEARCH_PATHS = (
					"$(inherited)",
					"@executable_path/Frameworks",
				);
				MARKETING_VERSION = 1.0;
				PRODUCT_BUNDLE_IDENTIFIER = "Doku.Puzzle-Garden";
				PRODUCT_NAME = "$(TARGET_NAME)";
				STRING_CATALOG_GENERATE_SYMBOLS = YES;
				SWIFT_APPROACHABLE_CONCURRENCY = YES;
				SWIFT_DEFAULT_ACTOR_ISOLATION = MainActor;
				SWIFT_EMIT_LOC_STRINGS = YES;
				SWIFT_UPCOMING_FEATURE_MEMBER_IMPORT_VISIBILITY = YES;
				SWIFT_VERSION = 5.0;
				TARGETED_DEVICE_FAMILY = "1,2";
			};
			name = Release;
		};
		7876B35B2FDC2A18002208CB /* Debug */ = {
			isa = XCBuildConfiguration;
			buildSettings = {
				ALWAYS_SEARCH_USER_PATHS = NO;
				ASSETCATALOG_COMPILER_GENERATE_SWIFT_ASSET_SYMBOL_EXTENSIONS = YES;
				CLANG_ANALYZER_NONNULL = YES;
				CLANG_ANALYZER_NUMBER_OBJECT_CONVERSION = YES_AGGRESSIVE;
				CLANG_CXX_LANGUAGE_STANDARD = "gnu++20";
				CLANG_ENABLE_MODULES = YES;
				CLANG_ENABLE_OBJC_ARC = YES;
				CLANG_ENABLE_OBJC_WEAK = YES;
				CLANG_WARN_BLOCK_CAPTURE_AUTORELEASING = YES;
				CLANG_WARN_BOOL_CONVERSION = YES;
				CLANG_WARN_COMMA = YES;
				CLANG_WARN_CONSTANT_CONVERSION = YES;
				CLANG_WARN_DEPRECATED_OBJC_IMPLEMENTATIONS = YES;
				CLANG_WARN_DIRECT_OBJC_ISA_USAGE = YES_ERROR;
				CLANG_WARN_DOCUMENTATION_COMMENTS = YES;
				CLANG_WARN_EMPTY_BODY = YES;
				CLANG_WARN_ENUM_CONVERSION = YES;
				CLANG_WARN_INFINITE_RECURSION = YES;
				CLANG_WARN_INT_CONVERSION = YES;
				CLANG_WARN_NON_LITERAL_NULL_CONVERSION = YES;
				CLANG_WARN_OBJC_IMPLICIT_RETAIN_SELF = YES;
				CLANG_WARN_OBJC_LITERAL_CONVERSION = YES;
				CLANG_WARN_OBJC_ROOT_CLASS = YES_ERROR;
				CLANG_WARN_QUOTED_INCLUDE_IN_FRAMEWORK_HEADER = YES;
				CLANG_WARN_RANGE_LOOP_ANALYSIS = YES;
				CLANG_WARN_STRICT_PROTOTYPES = YES;
				CLANG_WARN_SUSPICIOUS_MOVE = YES;
				CLANG_WARN_UNGUARDED_AVAILABILITY = YES_AGGRESSIVE;
				CLANG_WARN_UNREACHABLE_CODE = YES;
				CLANG_WARN__DUPLICATE_METHOD_MATCH = YES;
				COPY_PHASE_STRIP = NO;
				DEBUG_INFORMATION_FORMAT = dwarf;
				ENABLE_STRICT_OBJC_MSGSEND = YES;
				ENABLE_TESTABILITY = YES;
				ENABLE_USER_SCRIPT_SANDBOXING = YES;
				GCC_C_LANGUAGE_STANDARD = gnu17;
				GCC_DYNAMIC_NO_PIC = NO;
				GCC_NO_COMMON_BLOCKS = YES;
				GCC_OPTIMIZATION_LEVEL = 0;
				GCC_PREPROCESSOR_DEFINITIONS = (
					"DEBUG=1",
					"$(inherited)",
				);
				GCC_WARN_64_TO_32_BIT_CONVERSION = YES;
				GCC_WARN_ABOUT_RETURN_TYPE = YES_ERROR;
				GCC_WARN_UNDECLARED_SELECTOR = YES;
				GCC_WARN_UNINITIALIZED_AUTOS = YES_AGGRESSIVE;
				GCC_WARN_UNUSED_FUNCTION = YES;
				GCC_WARN_UNUSED_VARIABLE = YES;
				IPHONEOS_DEPLOYMENT_TARGET = 26.5;
				LOCALIZATION_PREFERS_STRING_CATALOGS = YES;
				MTL_ENABLE_DEBUG_INFO = INCLUDE_SOURCE;
				MTL_FAST_MATH = YES;
				ONLY_ACTIVE_ARCH = YES;
				SDKROOT = iphoneos;
				SWIFT_ACTIVE_COMPILATION_CONDITIONS = "DEBUG $(inherited)";
				SWIFT_OPTIMIZATION_LEVEL = "-Onone";
			};
			name = Debug;
		};
		7876B35C2FDC2A18002208CB /* Release */ = {
			isa = XCBuildConfiguration;
			buildSettings = {
				ALWAYS_SEARCH_USER_PATHS = NO;
				ASSETCATALOG_COMPILER_GENERATE_SWIFT_ASSET_SYMBOL_EXTENSIONS = YES;
				CLANG_ANALYZER_NONNULL = YES;
				CLANG_ANALYZER_NUMBER_OBJECT_CONVERSION = YES_AGGRESSIVE;
				CLANG_CXX_LANGUAGE_STANDARD = "gnu++20";
				CLANG_ENABLE_MODULES = YES;
				CLANG_ENABLE_OBJC_ARC = YES;
				CLANG_ENABLE_OBJC_WEAK = YES;
				CLANG_WARN_BLOCK_CAPTURE_AUTORELEASING = YES;
				CLANG_WARN_BOOL_CONVERSION = YES;
				CLANG_WARN_COMMA = YES;
				CLANG_WARN_CONSTANT_CONVERSION = YES;
				CLANG_WARN_DEPRECATED_OBJC_IMPLEMENTATIONS = YES;
				CLANG_WARN_DIRECT_OBJC_ISA_USAGE = YES_ERROR;
				CLANG_WARN_DOCUMENTATION_COMMENTS = YES;
				CLANG_WARN_EMPTY_BODY = YES;
				CLANG_WARN_ENUM_CONVERSION = YES;
				CLANG_WARN_INFINITE_RECURSION = YES;
				CLANG_WARN_INT_CONVERSION = YES;
				CLANG_WARN_NON_LITERAL_NULL_CONVERSION = YES;
				CLANG_WARN_OBJC_IMPLICIT_RETAIN_SELF = YES;
				CLANG_WARN_OBJC_LITERAL_CONVERSION = YES;
				CLANG_WARN_OBJC_ROOT_CLASS = YES_ERROR;
				CLANG_WARN_QUOTED_INCLUDE_IN_FRAMEWORK_HEADER = YES;
				CLANG_WARN_RANGE_LOOP_ANALYSIS = YES;
				CLANG_WARN_STRICT_PROTOTYPES = YES;
				CLANG_WARN_SUSPICIOUS_MOVE = YES;
				CLANG_WARN_UNGUARDED_AVAILABILITY = YES_AGGRESSIVE;
				CLANG_WARN_UNREACHABLE_CODE = YES;
				CLANG_WARN__DUPLICATE_METHOD_MATCH = YES;
				COPY_PHASE_STRIP = NO;
				DEBUG_INFORMATION_FORMAT = "dwarf-with-dsym";
				ENABLE_NS_ASSERTIONS = NO;
				ENABLE_STRICT_OBJC_MSGSEND = YES;
				ENABLE_USER_SCRIPT_SANDBOXING = YES;
				GCC_C_LANGUAGE_STANDARD = gnu17;
				GCC_NO_COMMON_BLOCKS = YES;
				GCC_WARN_64_TO_32_BIT_CONVERSION = YES;
				GCC_WARN_ABOUT_RETURN_TYPE = YES_ERROR;
				GCC_WARN_UNDECLARED_SELECTOR = YES;
				GCC_WARN_UNINITIALIZED_AUTOS = YES_AGGRESSIVE;
				GCC_WARN_UNUSED_FUNCTION = YES;
				GCC_WARN_UNUSED_VARIABLE = YES;
				IPHONEOS_DEPLOYMENT_TARGET = 26.5;
				LOCALIZATION_PREFERS_STRING_CATALOGS = YES;
				MTL_ENABLE_DEBUG_INFO = NO;
				MTL_FAST_MATH = YES;
				SDKROOT = iphoneos;
				SWIFT_COMPILATION_MODE = wholemodule;
				VALIDATE_PRODUCT = YES;
			};
			name = Release;
		};
		7876B35E2FDC2A18002208CB /* Debug */ = {
			isa = XCBuildConfiguration;
			buildSettings = {
				BUNDLE_LOADER = "$(TEST_HOST)";
				CODE_SIGN_STYLE = Automatic;
				CURRENT_PROJECT_VERSION = 1;
				GENERATE_INFOPLIST_FILE = YES;
				IPHONEOS_DEPLOYMENT_TARGET = 26.5;
				MARKETING_VERSION = 1.0;
				PRODUCT_BUNDLE_IDENTIFIER = "Doku.Puzzle-GardenTests";
				PRODUCT_NAME = "$(TARGET_NAME)";
				STRING_CATALOG_GENERATE_SYMBOLS = NO;
				SWIFT_APPROACHABLE_CONCURRENCY = YES;
				SWIFT_EMIT_LOC_STRINGS = NO;
				SWIFT_UPCOMING_FEATURE_MEMBER_IMPORT_VISIBILITY = YES;
				SWIFT_VERSION = 5.0;
				TARGETED_DEVICE_FAMILY = "1,2";
				TEST_HOST = "$(BUILT_PRODUCTS_DIR)/Puzzle Garden.app/$(BUNDLE_EXECUTABLE_FOLDER_PATH)/Puzzle Garden";
			};
			name = Debug;
		};
		7876B35F2FDC2A18002208CB /* Release */ = {
			isa = XCBuildConfiguration;
			buildSettings = {
				BUNDLE_LOADER = "$(TEST_HOST)";
				CODE_SIGN_STYLE = Automatic;
				CURRENT_PROJECT_VERSION = 1;
				GENERATE_INFOPLIST_FILE = YES;
				IPHONEOS_DEPLOYMENT_TARGET = 26.5;
				MARKETING_VERSION = 1.0;
				PRODUCT_BUNDLE_IDENTIFIER = "Doku.Puzzle-GardenTests";
				PRODUCT_NAME = "$(TARGET_NAME)";
				STRING_CATALOG_GENERATE_SYMBOLS = NO;
				SWIFT_APPROACHABLE_CONCURRENCY = YES;
				SWIFT_EMIT_LOC_STRINGS = NO;
				SWIFT_UPCOMING_FEATURE_MEMBER_IMPORT_VISIBILITY = YES;
				SWIFT_VERSION = 5.0;
				TARGETED_DEVICE_FAMILY = "1,2";
				TEST_HOST = "$(BUILT_PRODUCTS_DIR)/Puzzle Garden.app/$(BUNDLE_EXECUTABLE_FOLDER_PATH)/Puzzle Garden";
			};
			name = Release;
		};
		7876B3612FDC2A18002208CB /* Debug */ = {
			isa = XCBuildConfiguration;
			buildSettings = {
				CODE_SIGN_STYLE = Automatic;
				CURRENT_PROJECT_VERSION = 1;
				GENERATE_INFOPLIST_FILE = YES;
				MARKETING_VERSION = 1.0;
				PRODUCT_BUNDLE_IDENTIFIER = "Doku.Puzzle-GardenUITests";
				PRODUCT_NAME = "$(TARGET_NAME)";
				STRING_CATALOG_GENERATE_SYMBOLS = NO;
				SWIFT_APPROACHABLE_CONCURRENCY = YES;
				SWIFT_EMIT_LOC_STRINGS = NO;
				SWIFT_UPCOMING_FEATURE_MEMBER_IMPORT_VISIBILITY = YES;
				SWIFT_VERSION = 5.0;
				TARGETED_DEVICE_FAMILY = "1,2";
				TEST_TARGET_NAME = "Puzzle Garden";
			};
			name = Debug;
		};
		7876B3622FDC2A18002208CB /* Release */ = {
			isa = XCBuildConfiguration;
			buildSettings = {
				CODE_SIGN_STYLE = Automatic;
				CURRENT_PROJECT_VERSION = 1;
				GENERATE_INFOPLIST_FILE = YES;
				MARKETING_VERSION = 1.0;
				PRODUCT_BUNDLE_IDENTIFIER = "Doku.Puzzle-GardenUITests";
				PRODUCT_NAME = "$(TARGET_NAME)";
				STRING_CATALOG_GENERATE_SYMBOLS = NO;
				SWIFT_APPROACHABLE_CONCURRENCY = YES;
				SWIFT_EMIT_LOC_STRINGS = NO;
				SWIFT_UPCOMING_FEATURE_MEMBER_IMPORT_VISIBILITY = YES;
				SWIFT_VERSION = 5.0;
				TARGETED_DEVICE_FAMILY = "1,2";
				TEST_TARGET_NAME = "Puzzle Garden";
			};
			name = Release;
		};
/* End XCBuildConfiguration section */

/* Begin XCConfigurationList section */
		7876B32C2FDC2A17002208CB /* Build configuration list for PBXProject "Puzzle Garden" */ = {
			isa = XCConfigurationList;
			buildConfigurations = (
				7876B35B2FDC2A18002208CB /* Debug */,
				7876B35C2FDC2A18002208CB /* Release */,
			);
			defaultConfigurationIsVisible = 0;
			defaultConfigurationName = Release;
		};
		7876B3582FDC2A18002208CB /* Build configuration list for PBXNativeTarget "Puzzle Garden" */ = {
			isa = XCConfigurationList;
			buildConfigurations = (
				7876B3592FDC2A18002208CB /* Debug */,
				7876B35A2FDC2A18002208CB /* Release */,
			);
			defaultConfigurationIsVisible = 0;
			defaultConfigurationName = Release;
		};
		7876B35D2FDC2A18002208CB /* Build configuration list for PBXNativeTarget "Puzzle GardenTests" */ = {
			isa = XCConfigurationList;
			buildConfigurations = (
				7876B35E2FDC2A18002208CB /* Debug */,
				7876B35F2FDC2A18002208CB /* Release */,
			);
			defaultConfigurationIsVisible = 0;
			defaultConfigurationName = Release;
		};
		7876B3602FDC2A18002208CB /* Build configuration list for PBXNativeTarget "Puzzle GardenUITests" */ = {
			isa = XCConfigurationList;
			buildConfigurations = (
				7876B3612FDC2A18002208CB /* Debug */,
				7876B3622FDC2A18002208CB /* Release */,
			);
			defaultConfigurationIsVisible = 0;
			defaultConfigurationName = Release;
		};
/* End XCConfigurationList section */
	};
	rootObject = 7876B3292FDC2A17002208CB /* Project object */;
}
